{
  "name": "fs-play",
  "version": "1.0.0",
  "lockfileVersion": 1,
  "requires": true,
  "dependencies": {
    "c4console": {
      "version": "1.0.7",
      "resolved": "https://registry.npmjs.org/c4console/-/c4console-1.0.7.tgz",
      "integrity": "sha512-JARVzCtxsNWfrGPUJM0zKoiOBV1Hy4xeyCvLl3FWUGOsy8NcZVgU/vTeI78eDt7d1OL60TvQVmriQ3teZIANKw=="
    }
  }
}
